
Microsoft Visual Studio Solution File, Format Version 12.00
# Visual Studio Version 17
VisualStudioVersion = 17.6.33723.286
MinimumVisualStudioVersion = 10.0.40219.1
Project("{FAE04EC0-301F-11D3-BF4B-00C04F79EFBC}") = "ASNClub", "ASNClub\ASNClub.csproj", "{22E43F4A-DAC9-44B2-8389-EC35571BA4FC}"
EndProject
Global
	GlobalSection(SolutionConfigurationPlatforms) = preSolution
		Debug|Any CPU = Debug|Any CPU
		Release|Any CPU = Release|Any CPU
	EndGlobalSection
	GlobalSection(ProjectConfigurationPlatforms) = postSolution
		{22E43F4A-DAC9-44B2-8389-EC35571BA4FC}.Debug|Any CPU.ActiveCfg = Debug|Any CPU
		{22E43F4A-DAC9-44B2-8389-EC35571BA4FC}.Debug|Any CPU.Build.0 = Debug|Any CPU
		{22E43F4A-DAC9-44B2-8389-EC35571BA4FC}.Release|Any CPU.ActiveCfg = Release|Any CPU
		{22E43F4A-DAC9-44B2-8389-EC35571BA4FC}.Release|Any CPU.Build.0 = Release|Any CPU
	EndGlobalSection
	GlobalSection(SolutionProperties) = preSolution
		HideSolutionNode = FALSE
	EndGlobalSection
	GlobalSection(ExtensibilityGlobals) = postSolution
		SolutionGuid = {2F1BD460-D2F1-43FE-8792-74DA90DE58AF}
	EndGlobalSection
EndGlobal
